
Microsoft Visual Studio Solution File, Format Version 12.00
# Visual Studio 14
VisualStudioVersion = 14.0.25420.1
MinimumVisualStudioVersion = 10.0.40219.1
Project("{8BC9CEB8-8B4A-11D0-8D11-00A0C91BC942}") = "VGLWeather", "VGLWeather\VGLWeather.vcxproj", "{F32A8713-8984-450A-A3D3-38A1F31B0CF8}"
EndProject
Project("{8BC9CEB8-8B4A-11D0-8D11-00A0C91BC942}") = "C Dependencies", "..\..\..\..\verto_studio\win10\Verto Studio Holo\VertoStudioVR3D\iGLU\iGLU.vcxproj", "{788252A4-1315-4746-829C-F9ABD4483706}"
EndProject
Project("{8BC9CEB8-8B4A-11D0-8D11-00A0C91BC942}") = "VHTTP", "..\..\..\..\verto\windows\VHTTP\VHTTP-win10\VHTTP.vcxproj", "{DCF630CA-8C2B-4232-9A03-6E005867F5BA}"
EndProject
Project("{8BC9CEB8-8B4A-11D0-8D11-00A0C91BC942}") = "VertoUI-win10", "..\..\..\..\verto_studio\win10\Verto Studio 3D\VertoUI-win10\VertoUI-win10.vcxproj", "{A307CE33-3867-4E79-B305-135B98CCBAB9}"
EndProject
Project("{8BC9CEB8-8B4A-11D0-8D11-00A0C91BC942}") = "VGLPP-win10", "..\..\..\..\verto_studio\win10\Verto Studio 3D\VGLPP-win10\VGLPP-win10.vcxproj", "{2EB3AE8C-6E8C-4331-861F-2C97746C706F}"
EndProject
Global
	GlobalSection(SolutionConfigurationPlatforms) = preSolution
		Debug|ARM = Debug|ARM
		Debug|x64 = Debug|x64
		Debug|x86 = Debug|x86
		Debug-Hololens|ARM = Debug-Hololens|ARM
		Debug-Hololens|x64 = Debug-Hololens|x64
		Debug-Hololens|x86 = Debug-Hololens|x86
		Release|ARM = Release|ARM
		Release|x64 = Release|x64
		Release|x86 = Release|x86
		Release-Hololens|ARM = Release-Hololens|ARM
		Release-Hololens|x64 = Release-Hololens|x64
		Release-Hololens|x86 = Release-Hololens|x86
	EndGlobalSection
	GlobalSection(ProjectConfigurationPlatforms) = postSolution
		{F32A8713-8984-450A-A3D3-38A1F31B0CF8}.Debug|ARM.ActiveCfg = Debug|ARM
		{F32A8713-8984-450A-A3D3-38A1F31B0CF8}.Debug|ARM.Build.0 = Debug|ARM
		{F32A8713-8984-450A-A3D3-38A1F31B0CF8}.Debug|ARM.Deploy.0 = Debug|ARM
		{F32A8713-8984-450A-A3D3-38A1F31B0CF8}.Debug|x64.ActiveCfg = Debug|x64
		{F32A8713-8984-450A-A3D3-38A1F31B0CF8}.Debug|x64.Build.0 = Debug|x64
		{F32A8713-8984-450A-A3D3-38A1F31B0CF8}.Debug|x64.Deploy.0 = Debug|x64
		{F32A8713-8984-450A-A3D3-38A1F31B0CF8}.Debug|x86.ActiveCfg = Debug|Win32
		{F32A8713-8984-450A-A3D3-38A1F31B0CF8}.Debug|x86.Build.0 = Debug|Win32
		{F32A8713-8984-450A-A3D3-38A1F31B0CF8}.Debug|x86.Deploy.0 = Debug|Win32
		{F32A8713-8984-450A-A3D3-38A1F31B0CF8}.Debug-Hololens|ARM.ActiveCfg = Debug|ARM
		{F32A8713-8984-450A-A3D3-38A1F31B0CF8}.Debug-Hololens|ARM.Build.0 = Debug|ARM
		{F32A8713-8984-450A-A3D3-38A1F31B0CF8}.Debug-Hololens|ARM.Deploy.0 = Debug|ARM
		{F32A8713-8984-450A-A3D3-38A1F31B0CF8}.Debug-Hololens|x64.ActiveCfg = Debug|x64
		{F32A8713-8984-450A-A3D3-38A1F31B0CF8}.Debug-Hololens|x64.Build.0 = Debug|x64
		{F32A8713-8984-450A-A3D3-38A1F31B0CF8}.Debug-Hololens|x64.Deploy.0 = Debug|x64
		{F32A8713-8984-450A-A3D3-38A1F31B0CF8}.Debug-Hololens|x86.ActiveCfg = Debug|Win32
		{F32A8713-8984-450A-A3D3-38A1F31B0CF8}.Debug-Hololens|x86.Build.0 = Debug|Win32
		{F32A8713-8984-450A-A3D3-38A1F31B0CF8}.Debug-Hololens|x86.Deploy.0 = Debug|Win32
		{F32A8713-8984-450A-A3D3-38A1F31B0CF8}.Release|ARM.ActiveCfg = Release|ARM
		{F32A8713-8984-450A-A3D3-38A1F31B0CF8}.Release|ARM.Build.0 = Release|ARM
		{F32A8713-8984-450A-A3D3-38A1F31B0CF8}.Release|ARM.Deploy.0 = Release|ARM
		{F32A8713-8984-450A-A3D3-38A1F31B0CF8}.Release|x64.ActiveCfg = Release|x64
		{F32A8713-8984-450A-A3D3-38A1F31B0CF8}.Release|x64.Build.0 = Release|x64
		{F32A8713-8984-450A-A3D3-38A1F31B0CF8}.Release|x64.Deploy.0 = Release|x64
		{F32A8713-8984-450A-A3D3-38A1F31B0CF8}.Release|x86.ActiveCfg = Release|Win32
		{F32A8713-8984-450A-A3D3-38A1F31B0CF8}.Release|x86.Build.0 = Release|Win32
		{F32A8713-8984-450A-A3D3-38A1F31B0CF8}.Release|x86.Deploy.0 = Release|Win32
		{F32A8713-8984-450A-A3D3-38A1F31B0CF8}.Release-Hololens|ARM.ActiveCfg = Release|ARM
		{F32A8713-8984-450A-A3D3-38A1F31B0CF8}.Release-Hololens|ARM.Build.0 = Release|ARM
		{F32A8713-8984-450A-A3D3-38A1F31B0CF8}.Release-Hololens|ARM.Deploy.0 = Release|ARM
		{F32A8713-8984-450A-A3D3-38A1F31B0CF8}.Release-Hololens|x64.ActiveCfg = Release|x64
		{F32A8713-8984-450A-A3D3-38A1F31B0CF8}.Release-Hololens|x64.Build.0 = Release|x64
		{F32A8713-8984-450A-A3D3-38A1F31B0CF8}.Release-Hololens|x64.Deploy.0 = Release|x64
		{F32A8713-8984-450A-A3D3-38A1F31B0CF8}.Release-Hololens|x86.ActiveCfg = Release|Win32
		{F32A8713-8984-450A-A3D3-38A1F31B0CF8}.Release-Hololens|x86.Build.0 = Release|Win32
		{F32A8713-8984-450A-A3D3-38A1F31B0CF8}.Release-Hololens|x86.Deploy.0 = Release|Win32
		{788252A4-1315-4746-829C-F9ABD4483706}.Debug|ARM.ActiveCfg = Debug|ARM
		{788252A4-1315-4746-829C-F9ABD4483706}.Debug|ARM.Build.0 = Debug|ARM
		{788252A4-1315-4746-829C-F9ABD4483706}.Debug|x64.ActiveCfg = Debug|x64
		{788252A4-1315-4746-829C-F9ABD4483706}.Debug|x64.Build.0 = Debug|x64
		{788252A4-1315-4746-829C-F9ABD4483706}.Debug|x86.ActiveCfg = Debug|Win32
		{788252A4-1315-4746-829C-F9ABD4483706}.Debug|x86.Build.0 = Debug|Win32
		{788252A4-1315-4746-829C-F9ABD4483706}.Debug-Hololens|ARM.ActiveCfg = Debug|ARM
		{788252A4-1315-4746-829C-F9ABD4483706}.Debug-Hololens|ARM.Build.0 = Debug|ARM
		{788252A4-1315-4746-829C-F9ABD4483706}.Debug-Hololens|x64.ActiveCfg = Debug|x64
		{788252A4-1315-4746-829C-F9ABD4483706}.Debug-Hololens|x64.Build.0 = Debug|x64
		{788252A4-1315-4746-829C-F9ABD4483706}.Debug-Hololens|x86.ActiveCfg = Debug|Win32
		{788252A4-1315-4746-829C-F9ABD4483706}.Debug-Hololens|x86.Build.0 = Debug|Win32
		{788252A4-1315-4746-829C-F9ABD4483706}.Release|ARM.ActiveCfg = Release|ARM
		{788252A4-1315-4746-829C-F9ABD4483706}.Release|ARM.Build.0 = Release|ARM
		{788252A4-1315-4746-829C-F9ABD4483706}.Release|x64.ActiveCfg = Release|x64
		{788252A4-1315-4746-829C-F9ABD4483706}.Release|x64.Build.0 = Release|x64
		{788252A4-1315-4746-829C-F9ABD4483706}.Release|x86.ActiveCfg = Release|Win32
		{788252A4-1315-4746-829C-F9ABD4483706}.Release|x86.Build.0 = Release|Win32
		{788252A4-1315-4746-829C-F9ABD4483706}.Release-Hololens|ARM.ActiveCfg = Release|ARM
		{788252A4-1315-4746-829C-F9ABD4483706}.Release-Hololens|ARM.Build.0 = Release|ARM
		{788252A4-1315-4746-829C-F9ABD4483706}.Release-Hololens|x64.ActiveCfg = Release|x64
		{788252A4-1315-4746-829C-F9ABD4483706}.Release-Hololens|x64.Build.0 = Release|x64
		{788252A4-1315-4746-829C-F9ABD4483706}.Release-Hololens|x86.ActiveCfg = Release|Win32
		{788252A4-1315-4746-829C-F9ABD4483706}.Release-Hololens|x86.Build.0 = Release|Win32
		{DCF630CA-8C2B-4232-9A03-6E005867F5BA}.Debug|ARM.ActiveCfg = Debug|ARM
		{DCF630CA-8C2B-4232-9A03-6E005867F5BA}.Debug|ARM.Build.0 = Debug|ARM
		{DCF630CA-8C2B-4232-9A03-6E005867F5BA}.Debug|x64.ActiveCfg = Debug|x64
		{DCF630CA-8C2B-4232-9A03-6E005867F5BA}.Debug|x64.Build.0 = Debug|x64
		{DCF630CA-8C2B-4232-9A03-6E005867F5BA}.Debug|x86.ActiveCfg = Debug|Win32
		{DCF630CA-8C2B-4232-9A03-6E005867F5BA}.Debug|x86.Build.0 = Debug|Win32
		{DCF630CA-8C2B-4232-9A03-6E005867F5BA}.Debug-Hololens|ARM.ActiveCfg = Debug|ARM
		{DCF630CA-8C2B-4232-9A03-6E005867F5BA}.Debug-Hololens|ARM.Build.0 = Debug|ARM
		{DCF630CA-8C2B-4232-9A03-6E005867F5BA}.Debug-Hololens|x64.ActiveCfg = Debug|x64
		{DCF630CA-8C2B-4232-9A03-6E005867F5BA}.Debug-Hololens|x64.Build.0 = Debug|x64
		{DCF630CA-8C2B-4232-9A03-6E005867F5BA}.Debug-Hololens|x86.ActiveCfg = Debug|Win32
		{DCF630CA-8C2B-4232-9A03-6E005867F5BA}.Debug-Hololens|x86.Build.0 = Debug|Win32
		{DCF630CA-8C2B-4232-9A03-6E005867F5BA}.Release|ARM.ActiveCfg = Release|ARM
		{DCF630CA-8C2B-4232-9A03-6E005867F5BA}.Release|ARM.Build.0 = Release|ARM
		{DCF630CA-8C2B-4232-9A03-6E005867F5BA}.Release|x64.ActiveCfg = Release|x64
		{DCF630CA-8C2B-4232-9A03-6E005867F5BA}.Release|x64.Build.0 = Release|x64
		{DCF630CA-8C2B-4232-9A03-6E005867F5BA}.Release|x86.ActiveCfg = Release|Win32
		{DCF630CA-8C2B-4232-9A03-6E005867F5BA}.Release|x86.Build.0 = Release|Win32
		{DCF630CA-8C2B-4232-9A03-6E005867F5BA}.Release-Hololens|ARM.ActiveCfg = Release|ARM
		{DCF630CA-8C2B-4232-9A03-6E005867F5BA}.Release-Hololens|ARM.Build.0 = Release|ARM
		{DCF630CA-8C2B-4232-9A03-6E005867F5BA}.Release-Hololens|x64.ActiveCfg = Release|x64
		{DCF630CA-8C2B-4232-9A03-6E005867F5BA}.Release-Hololens|x64.Build.0 = Release|x64
		{DCF630CA-8C2B-4232-9A03-6E005867F5BA}.Release-Hololens|x86.ActiveCfg = Release|Win32
		{DCF630CA-8C2B-4232-9A03-6E005867F5BA}.Release-Hololens|x86.Build.0 = Release|Win32
		{A307CE33-3867-4E79-B305-135B98CCBAB9}.Debug|ARM.ActiveCfg = Debug|ARM
		{A307CE33-3867-4E79-B305-135B98CCBAB9}.Debug|ARM.Build.0 = Debug|ARM
		{A307CE33-3867-4E79-B305-135B98CCBAB9}.Debug|x64.ActiveCfg = Debug|x64
		{A307CE33-3867-4E79-B305-135B98CCBAB9}.Debug|x64.Build.0 = Debug|x64
		{A307CE33-3867-4E79-B305-135B98CCBAB9}.Debug|x86.ActiveCfg = Debug|Win32
		{A307CE33-3867-4E79-B305-135B98CCBAB9}.Debug|x86.Build.0 = Debug|Win32
		{A307CE33-3867-4E79-B305-135B98CCBAB9}.Debug-Hololens|ARM.ActiveCfg = Debug|ARM
		{A307CE33-3867-4E79-B305-135B98CCBAB9}.Debug-Hololens|ARM.Build.0 = Debug|ARM
		{A307CE33-3867-4E79-B305-135B98CCBAB9}.Debug-Hololens|x64.ActiveCfg = Debug|x64
		{A307CE33-3867-4E79-B305-135B98CCBAB9}.Debug-Hololens|x64.Build.0 = Debug|x64
		{A307CE33-3867-4E79-B305-135B98CCBAB9}.Debug-Hololens|x86.ActiveCfg = Debug|Win32
		{A307CE33-3867-4E79-B305-135B98CCBAB9}.Debug-Hololens|x86.Build.0 = Debug|Win32
		{A307CE33-3867-4E79-B305-135B98CCBAB9}.Release|ARM.ActiveCfg = Release|ARM
		{A307CE33-3867-4E79-B305-135B98CCBAB9}.Release|ARM.Build.0 = Release|ARM
		{A307CE33-3867-4E79-B305-135B98CCBAB9}.Release|x64.ActiveCfg = Release|x64
		{A307CE33-3867-4E79-B305-135B98CCBAB9}.Release|x64.Build.0 = Release|x64
		{A307CE33-3867-4E79-B305-135B98CCBAB9}.Release|x86.ActiveCfg = Release|Win32
		{A307CE33-3867-4E79-B305-135B98CCBAB9}.Release|x86.Build.0 = Release|Win32
		{A307CE33-3867-4E79-B305-135B98CCBAB9}.Release-Hololens|ARM.ActiveCfg = Release|ARM
		{A307CE33-3867-4E79-B305-135B98CCBAB9}.Release-Hololens|ARM.Build.0 = Release|ARM
		{A307CE33-3867-4E79-B305-135B98CCBAB9}.Release-Hololens|x64.ActiveCfg = Release|x64
		{A307CE33-3867-4E79-B305-135B98CCBAB9}.Release-Hololens|x64.Build.0 = Release|x64
		{A307CE33-3867-4E79-B305-135B98CCBAB9}.Release-Hololens|x86.ActiveCfg = Release|Win32
		{A307CE33-3867-4E79-B305-135B98CCBAB9}.Release-Hololens|x86.Build.0 = Release|Win32
		{2EB3AE8C-6E8C-4331-861F-2C97746C706F}.Debug|ARM.ActiveCfg = Debug|ARM
		{2EB3AE8C-6E8C-4331-861F-2C97746C706F}.Debug|ARM.Build.0 = Debug|ARM
		{2EB3AE8C-6E8C-4331-861F-2C97746C706F}.Debug|x64.ActiveCfg = Debug|x64
		{2EB3AE8C-6E8C-4331-861F-2C97746C706F}.Debug|x64.Build.0 = Debug|x64
		{2EB3AE8C-6E8C-4331-861F-2C97746C706F}.Debug|x86.ActiveCfg = Debug|Win32
		{2EB3AE8C-6E8C-4331-861F-2C97746C706F}.Debug|x86.Build.0 = Debug|Win32
		{2EB3AE8C-6E8C-4331-861F-2C97746C706F}.Debug-Hololens|ARM.ActiveCfg = Debug-Hololens|ARM
		{2EB3AE8C-6E8C-4331-861F-2C97746C706F}.Debug-Hololens|ARM.Build.0 = Debug-Hololens|ARM
		{2EB3AE8C-6E8C-4331-861F-2C97746C706F}.Debug-Hololens|x64.ActiveCfg = Debug-Hololens|x64
		{2EB3AE8C-6E8C-4331-861F-2C97746C706F}.Debug-Hololens|x64.Build.0 = Debug-Hololens|x64
		{2EB3AE8C-6E8C-4331-861F-2C97746C706F}.Debug-Hololens|x86.ActiveCfg = Debug-Hololens|Win32
		{2EB3AE8C-6E8C-4331-861F-2C97746C706F}.Debug-Hololens|x86.Build.0 = Debug-Hololens|Win32
		{2EB3AE8C-6E8C-4331-861F-2C97746C706F}.Release|ARM.ActiveCfg = Release|ARM
		{2EB3AE8C-6E8C-4331-861F-2C97746C706F}.Release|ARM.Build.0 = Release|ARM
		{2EB3AE8C-6E8C-4331-861F-2C97746C706F}.Release|x64.ActiveCfg = Release|x64
		{2EB3AE8C-6E8C-4331-861F-2C97746C706F}.Release|x64.Build.0 = Release|x64
		{2EB3AE8C-6E8C-4331-861F-2C97746C706F}.Release|x86.ActiveCfg = Release|Win32
		{2EB3AE8C-6E8C-4331-861F-2C97746C706F}.Release|x86.Build.0 = Release|Win32
		{2EB3AE8C-6E8C-4331-861F-2C97746C706F}.Release-Hololens|ARM.ActiveCfg = Release-Hololens|ARM
		{2EB3AE8C-6E8C-4331-861F-2C97746C706F}.Release-Hololens|ARM.Build.0 = Release-Hololens|ARM
		{2EB3AE8C-6E8C-4331-861F-2C97746C706F}.Release-Hololens|x64.ActiveCfg = Release-Hololens|x64
		{2EB3AE8C-6E8C-4331-861F-2C97746C706F}.Release-Hololens|x64.Build.0 = Release-Hololens|x64
		{2EB3AE8C-6E8C-4331-861F-2C97746C706F}.Release-Hololens|x86.ActiveCfg = Release-Hololens|Win32
		{2EB3AE8C-6E8C-4331-861F-2C97746C706F}.Release-Hololens|x86.Build.0 = Release-Hololens|Win32
	EndGlobalSection
	GlobalSection(SolutionProperties) = preSolution
		HideSolutionNode = FALSE
	EndGlobalSection
EndGlobal
